
Microsoft Visual Studio Solution File, Format Version 12.00
# Visual Studio Version 16
VisualStudioVersion = 16.0.30330.147
MinimumVisualStudioVersion = 10.0.40219.1
Project("{FAE04EC0-301F-11D3-BF4B-00C04F79EFBC}") = "CSH1_Tag_09_Aufgabe_01", "CSH1_Tag_09_Aufgabe_01\CSH1_Tag_09_Aufgabe_01.csproj", "{033610F8-E353-4702-9887-68C6B56356FB}"
EndProject
Global
	GlobalSection(SolutionConfigurationPlatforms) = preSolution
		Debug|Any CPU = Debug|Any CPU
		Release|Any CPU = Release|Any CPU
	EndGlobalSection
	GlobalSection(ProjectConfigurationPlatforms) = postSolution
		{033610F8-E353-4702-9887-68C6B56356FB}.Debug|Any CPU.ActiveCfg = Debug|Any CPU
		{033610F8-E353-4702-9887-68C6B56356FB}.Debug|Any CPU.Build.0 = Debug|Any CPU
		{033610F8-E353-4702-9887-68C6B56356FB}.Release|Any CPU.ActiveCfg = Release|Any CPU
		{033610F8-E353-4702-9887-68C6B56356FB}.Release|Any CPU.Build.0 = Release|Any CPU
	EndGlobalSection
	GlobalSection(SolutionProperties) = preSolution
		HideSolutionNode = FALSE
	EndGlobalSection
	GlobalSection(ExtensibilityGlobals) = postSolution
		SolutionGuid = {07D2763E-1243-417D-B642-05991639D560}
	EndGlobalSection
EndGlobal
